{
  "version": 1,
  "dependencies": {
    ".NETFramework,Version=v4.8": {
      "PolySharp": {
        "type": "Direct",
        "requested": "[1.*, )",
        "resolved": "1.15.0",
        "contentHash": "FbU0El+EEjdpuIX4iDbeS7ki1uzpJPx8vbqOzEtqnl1GZeAGJfq+jCbxeJL2y0EPnUNk8dRnnqR2xnYXg9Tf+g=="
      },
      "PropertyChanged.Fody": {
        "type": "Direct",
        "requested": "[4.*, )",
        "resolved": "4.1.0",
        "contentHash": "6v+f9cI8YjnZH2WBHuOqWEAo8DFFNGFIdU8xD3AsL6fhV6Y8oAmVWd7XKk49t8DpeUBwhR/X+97+6Epvek0Y3A==",
        "dependencies": {
          "Fody": "6.6.4"
        }
      },
      "Torch.Server.ReferenceAssemblies": {
        "type": "Direct",
        "requested": "[1.3.*-master*, )",
        "resolved": "1.3.1.309-master",
        "contentHash": "iOiUvTkx3JvRnqsUDS0784MDv58WEdtQ6j4ZUZAlZAjluzkD2Bh3Wb64AvLIR5hd2IjBPL0Pcmig1nWU4n70Mg==",
        "dependencies": {
          "SpaceEngineersDedicated.ReferenceAssemblies": "1.206.28",
          "Torch.Server": "1.3.1.309-master"
        }
      },
      "Fody": {
        "type": "Transitive",
        "resolved": "6.6.4",
        "contentHash": "vLZS+oa+ndUHYPlx/8n9bBTT3dHkCF0riml4paKq4D663+cZd47x1uagQo32D/gKFZ/sfmV1oqKaLmH0elxq4A=="
      },
      "Newtonsoft.Json": {
        "type": "Transitive",
        "resolved": "12.0.2",
        "contentHash": "rTK0s2EKlfHsQsH6Yx2smvcTCeyoDNgCW7FEYyV01drPlh2T243PR2DiDXqtC5N4GDm4Ma/lkxfW5a/4793vbA=="
      },
      "NLog": {
        "type": "Transitive",
        "resolved": "4.4.12",
        "contentHash": "fODew3BFT2XhAuqhGo2ZYT9OJE0ciGEBfvKXOmAAvaDsP/3ROIf083p8QUnmwKKw4jCkVW06ObX6gn/eFi2Skg=="
      },
      "protobuf-net": {
        "type": "Transitive",
        "resolved": "1.0.0",
        "contentHash": "kTGOK0E87473sOImOjgZOnz3kTC2aMLffoRWQLYNuBLJnwNNmjanF9IkevZ9Q7yYLeABQfcF3BpeepuMntMVNw=="
      },
      "SharpDX": {
        "type": "Transitive",
        "resolved": "4.2.0-keen-cringe",
        "contentHash": "LaJN3h1Gi1FWVdef2I5WtOH9gwzKCBniH0CragarbkN2QheYY6Lqm+91PcOfp1w/4wdVb+k8Kjv3sO393Tphtw=="
      },
      "SpaceEngineersDedicated.ReferenceAssemblies": {
        "type": "Transitive",
        "resolved": "1.206.28",
        "contentHash": "SmHtCBel7uWAgAogSo3u2Ml896X6wRTrzOiuUbJo+sRfvCOzUmbqWfs2uioZg3AmWho4iXpTuhwnLixMynHkdA==",
        "dependencies": {
          "SharpDX": "4.2.0-keen-cringe",
          "protobuf-net": "1.0.0"
        }
      },
      "Torch.Server": {
        "type": "Transitive",
        "resolved": "1.3.1.309-master",
        "contentHash": "IAwVPR6zoDIxlvB6poESO7gEms5qaXW6M57sRGzOGbcGfN4aWHZ7wKdNJh4Bv3e1kdG2z+xuXtyEGQ64hQn39A==",
        "dependencies": {
          "NLog": "4.4.12",
          "Newtonsoft.Json": "12.0.2"
        }
      }
    }
  }
}